<?xml version="1.0" encoding="utf-8"?>
<Project ToolsVersion="4.0" xmlns="http://schemas.microsoft.com/developer/msbuild/2003">
  <ItemGroup>
    <ClCompile Include="..\..\Source\Architecture\AnimatedSprite.cpp" />
    <ClCompile Include="..\..\Source\Architecture\Audio\AudioEngine.cpp" />
    <ClCompile Include="..\..\Source\Architecture\Audio\AudioEngineIrrklang.cpp" />
    <ClCompile Include="..\..\Source\Architecture\Audio\AudioEngineNone.cpp" />
    <ClCompile Include="..\..\Source\Architecture\Audio\AudioEngineSFML.cpp" />
    <ClCompile Include="..\..\Source\Architecture\Audio\AudioLocator.cpp" />
    <ClCompile Include="..\..\Source\Architecture\Dialogues\Actor.cpp" />
    <ClCompile Include="..\..\Source\Architecture\Dialogues\Dialogue.cpp" />
    <ClCompile Include="..\..\Source\Architecture\Dialogues\DialogueTree.cpp" />
    <ClCompile Include="..\..\Source\Architecture\GameData.cpp" />
    <ClCompile Include="..\..\Source\Architecture\Managers\FontManager.cpp" />
    <ClCompile Include="..\..\Source\Architecture\Managers\InputManager.cpp" />
    <ClCompile Include="..\..\Source\Architecture\Managers\NetworkManager.cpp" />
    <ClCompile Include="..\..\Source\Architecture\Managers\StateManager.cpp" />
    <ClCompile Include="..\..\Source\Architecture\Messages\MessageQueue.cpp" />
    <ClCompile Include="..\..\Source\Architecture\Networking\NetworkClient.cpp" />
    <ClCompile Include="..\..\Source\Architecture\Networking\NetworkServer.cpp" />
    <ClCompile Include="..\..\Source\Architecture\Networking\Packet.cpp" />
    <ClCompile Include="..\..\Source\Architecture\Rng.cpp" />
    <ClCompile Include="..\..\Source\Architecture\Signals\Connection.cpp" />
    <ClCompile Include="..\..\Source\Architecture\Timer.cpp" />
    <ClCompile Include="..\..\Source\Architecture\UI\Button.cpp" />
    <ClCompile Include="..\..\Source\Architecture\UI\Menu.cpp" />
    <ClCompile Include="..\..\Source\Client\MyNetGame.cpp" />
    <ClCompile Include="..\..\Source\Client\main.cpp" />
    <ClCompile Include="..\..\Source\Client\States\PingPong\Ball.cpp" />
    <ClCompile Include="..\..\Source\Client\States\PingPong\Paddle.cpp" />
    <ClCompile Include="..\..\Source\Client\States\StateMenu.cpp" />
    <ClCompile Include="..\..\Source\Client\States\StatePingPong.cpp" />
    <ClCompile Include="..\..\Source\Client\stdafx.cpp" />
    <ClCompile Include="..\..\Source\Client\Warband.cpp" />
    <ClCompile Include="..\..\Source\Client\Character.cpp" />
    <ClCompile Include="..\..\Source\Client\Hero.cpp" />
    <ClCompile Include="..\..\Source\Client\Unit.cpp" />
  </ItemGroup>
  <ItemGroup>
    <ClInclude Include="..\..\Source\Architecture\AnimatedSprite.hpp" />
    <ClInclude Include="..\..\Source\Architecture\Audio\AudioEngine.hpp" />
    <ClInclude Include="..\..\Source\Architecture\Audio\AudioEngineIrrklang.hpp" />
    <ClInclude Include="..\..\Source\Architecture\Audio\AudioEngineNone.hpp" />
    <ClInclude Include="..\..\Source\Architecture\Audio\AudioEngineSFML.hpp" />
    <ClInclude Include="..\..\Source\Architecture\Audio\AudioLocator.hpp" />
    <ClInclude Include="..\..\Source\Architecture\Dialogues\Actor.hpp" />
    <ClInclude Include="..\..\Source\Architecture\Dialogues\Dialogue.hpp" />
    <ClInclude Include="..\..\Source\Architecture\Dialogues\DialogueTree.hpp" />
    <ClInclude Include="..\..\Source\Architecture\Entity.hpp" />
    <ClInclude Include="..\..\Source\Architecture\GameData.hpp" />
    <ClInclude Include="..\..\Source\Architecture\Managers\FontManager.hpp" />
    <ClInclude Include="..\..\Source\Architecture\Managers\InputManager.hpp" />
    <ClInclude Include="..\..\Source\Architecture\Managers\NetworkManager.hpp" />
    <ClInclude Include="..\..\Source\Architecture\Managers\StateManager.hpp" />
    <ClInclude Include="..\..\Source\Architecture\Messages\FunctionMessage.hpp" />
    <ClInclude Include="..\..\Source\Architecture\Messages\Message.hpp" />
    <ClInclude Include="..\..\Source\Architecture\Messages\MessageQueue.hpp" />
    <ClInclude Include="..\..\Source\Architecture\Networking\Network.hpp" />
    <ClInclude Include="..\..\Source\Architecture\Networking\NetworkClient.hpp" />
    <ClInclude Include="..\..\Source\Architecture\Networking\NetworkServer.hpp" />
    <ClInclude Include="..\..\Source\Architecture\Networking\Packet.hpp" />
    <ClInclude Include="..\..\Source\Architecture\Rng.h" />
    <ClInclude Include="..\..\Source\Architecture\Signals\Connection.hpp" />
    <ClInclude Include="..\..\Source\Architecture\Signals\Disconnector.hpp" />
    <ClInclude Include="..\..\Source\Architecture\Signals\Signal.hpp" />
    <ClInclude Include="..\..\Source\Architecture\Signals\Slot.hpp" />
    <ClInclude Include="..\..\Source\Architecture\State.hpp" />
    <ClInclude Include="..\..\Source\Architecture\Timer.hpp" />
    <ClInclude Include="..\..\Source\Architecture\UI\Button.hpp" />
    <ClInclude Include="..\..\Source\Architecture\UI\Menu.hpp" />
    <ClInclude Include="..\..\Source\Client\MyNetGame.h" />
    <ClInclude Include="..\..\Source\Client\Networking.h" />
    <ClInclude Include="..\..\Source\Client\States\PingPong\Ball.hpp" />
    <ClInclude Include="..\..\Source\Client\States\PingPong\Paddle.hpp" />
    <ClInclude Include="..\..\Source\Client\States\StateMenu.hpp" />
    <ClInclude Include="..\..\Source\Client\States\StatePingPong.hpp" />
    <ClInclude Include="..\..\Source\Client\stdafx.h" />
    <ClInclude Include="..\..\Source\Client\targetver.h" />
    <ClInclude Include="..\..\Source\Client\Warband.h" />
    <ClInclude Include="SpritePaths.h" />
    <ClInclude Include="..\..\Source\Client\Character.h" />
    <ClInclude Include="..\..\Source\Client\Hero.h" />
    <ClInclude Include="..\..\Source\Client\Unit.h" />
    <ClInclude Include="..\..\Source\Client\ListOfNames.h" />
  </ItemGroup>
  <ItemGroup>
    <None Include="ClassDiagram.cd" />
    <None Include="ClassDiagram1.cd" />
  </ItemGroup>
</Project>